PODS:
  - JJLISO8601DateFormatter (0.1.0)
  - OCMock (3.4.3)

DEPENDENCIES:
  - JJLISO8601DateFormatter (from `../`)
  - OCMock

SPEC REPOS:
  https://github.com/CocoaPods/Specs.git:
    - OCMock

EXTERNAL SOURCES:
  JJLISO8601DateFormatter:
    :path: "../"

SPEC CHECKSUMS:
  JJLISO8601DateFormatter: e4d3ebf72cda2f9b2b65a78a6ec69277e6788186
  OCMock: 43565190abc78977ad44a61c0d20d7f0784d35ab

PODFILE CHECKSUM: 49d15b4ac5986c55911d40f6338d734d2e611393

COCOAPODS: 1.5.0
