PODS:
  - JJLISO8601DateFormatter (0.1.0)

DEPENDENCIES:
  - JJLISO8601DateFormatter (from `../`)

EXTERNAL SOURCES:
  JJLISO8601DateFormatter:
    :path: "../"

SPEC CHECKSUMS:
  JJLISO8601DateFormatter: 55cad879e2b554b78d17049a99244e92f5be2d77

PODFILE CHECKSUM: fbd9081a90561919d63091453f535c0c7285b658

COCOAPODS: 1.5.0
